
Microsoft Visual Studio Solution File, Format Version 12.00
# Visual Studio Version 17
VisualStudioVersion = 17.0.31912.275
MinimumVisualStudioVersion = 10.0.40219.1
Project("{FAE04EC0-301F-11D3-BF4B-00C04F79EFBC}") = "WebMEPyD", "WebMEPyD\WebMEPyD.csproj", "{25168443-9CD7-4376-8BFD-0E5548669317}"
EndProject
Global
	GlobalSection(SolutionConfigurationPlatforms) = preSolution
		Debug|Any CPU = Debug|Any CPU
		Release|Any CPU = Release|Any CPU
	EndGlobalSection
	GlobalSection(ProjectConfigurationPlatforms) = postSolution
		{25168443-9CD7-4376-8BFD-0E5548669317}.Debug|Any CPU.ActiveCfg = Debug|Any CPU
		{25168443-9CD7-4376-8BFD-0E5548669317}.Debug|Any CPU.Build.0 = Debug|Any CPU
		{25168443-9CD7-4376-8BFD-0E5548669317}.Release|Any CPU.ActiveCfg = Release|Any CPU
		{25168443-9CD7-4376-8BFD-0E5548669317}.Release|Any CPU.Build.0 = Release|Any CPU
	EndGlobalSection
	GlobalSection(SolutionProperties) = preSolution
		HideSolutionNode = FALSE
	EndGlobalSection
	GlobalSection(ExtensibilityGlobals) = postSolution
		SolutionGuid = {9C71D3AF-2975-49A6-BFF9-F92A29E96E4E}
	EndGlobalSection
EndGlobal
